
Microsoft Visual Studio Solution File, Format Version 12.00
# Visual Studio Version 17
VisualStudioVersion = 17.2.32630.192
MinimumVisualStudioVersion = 10.0.40219.1
Project("{FAE04EC0-301F-11D3-BF4B-00C04F79EFBC}") = "TaxControl", "TaxControl\TaxControl.csproj", "{1EDC6328-C93F-40E8-98E4-5098887D08D2}"
EndProject
Global
	GlobalSection(SolutionConfigurationPlatforms) = preSolution
		Debug|Any CPU = Debug|Any CPU
		Release|Any CPU = Release|Any CPU
	EndGlobalSection
	GlobalSection(ProjectConfigurationPlatforms) = postSolution
		{1EDC6328-C93F-40E8-98E4-5098887D08D2}.Debug|Any CPU.ActiveCfg = Debug|Any CPU
		{1EDC6328-C93F-40E8-98E4-5098887D08D2}.Debug|Any CPU.Build.0 = Debug|Any CPU
		{1EDC6328-C93F-40E8-98E4-5098887D08D2}.Release|Any CPU.ActiveCfg = Release|Any CPU
		{1EDC6328-C93F-40E8-98E4-5098887D08D2}.Release|Any CPU.Build.0 = Release|Any CPU
	EndGlobalSection
	GlobalSection(SolutionProperties) = preSolution
		HideSolutionNode = FALSE
	EndGlobalSection
	GlobalSection(ExtensibilityGlobals) = postSolution
		SolutionGuid = {BDB4C6D6-996C-460C-8237-0381BA0BD294}
	EndGlobalSection
EndGlobal
